// !$*UTF8*$!
{
	archiveVersion = 1;
	classes = {
	};
	objectVersion = 56;
	objects = {

/* Begin PBXBuildFile section */
		A97D80E12ACE933A006887F8 /* RingoApp.swift in Sources */ = {isa = PBXBuildFile; fileRef = A97D80E02ACE933A006887F8 /* RingoApp.swift */; };
		A97D80E32ACE933A006887F8 /* ContentView.swift in Sources */ = {isa = PBXBuildFile; fileRef = A97D80E22ACE933A006887F8 /* ContentView.swift */; };
		A97D80E52ACE933B006887F8 /* Assets.xcassets in Resources */ = {isa = PBXBuildFile; fileRef = A97D80E42ACE933B006887F8 /* Assets.xcassets */; };
		A97D80E92ACE933B006887F8 /* Preview Assets.xcassets in Resources */ = {isa = PBXBuildFile; fileRef = A97D80E82ACE933B006887F8 /* Preview Assets.xcassets */; };
		D414BBF12ADBE49C0007A180 /* anm.swift in Sources */ = {isa = PBXBuildFile; fileRef = D414BBF02ADBE49C0007A180 /* anm.swift */; };
		D414BBF32ADBE51D0007A180 /* math.swift in Sources */ = {isa = PBXBuildFile; fileRef = D414BBF22ADBE51D0007A180 /* math.swift */; };
		D414BBF52ADBE5BF0007A180 /* color.swift in Sources */ = {isa = PBXBuildFile; fileRef = D414BBF42ADBE5BF0007A180 /* color.swift */; };
		D414BBF72ADBE5F90007A180 /* letter.swift in Sources */ = {isa = PBXBuildFile; fileRef = D414BBF62ADBE5F90007A180 /* letter.swift */; };
		D414BBF92ADBE6620007A180 /* intro.swift in Sources */ = {isa = PBXBuildFile; fileRef = D414BBF82ADBE6620007A180 /* intro.swift */; };
/* End PBXBuildFile section */

/* Begin PBXFileReference section */
		A97D80DD2ACE933A006887F8 /* Ringo.app */ = {isa = PBXFileReference; explicitFileType = wrapper.application; includeInIndex = 0; path = Ringo.app; sourceTree = BUILT_PRODUCTS_DIR; };
		A97D80E02ACE933A006887F8 /* RingoApp.swift */ = {isa = PBXFileReference; lastKnownFileType = sourcecode.swift; path = RingoApp.swift; sourceTree = "<group>"; };
		A97D80E22ACE933A006887F8 /* ContentView.swift */ = {isa = PBXFileReference; lastKnownFileType = sourcecode.swift; path = ContentView.swift; sourceTree = "<group>"; };
		A97D80E42ACE933B006887F8 /* Assets.xcassets */ = {isa = PBXFileReference; lastKnownFileType = folder.assetcatalog; path = Assets.xcassets; sourceTree = "<group>"; };
		A97D80E62ACE933B006887F8 /* Ringo.entitlements */ = {isa = PBXFileReference; lastKnownFileType = text.plist.entitlements; path = Ringo.entitlements; sourceTree = "<group>"; };
		A97D80E82ACE933B006887F8 /* Preview Assets.xcassets */ = {isa = PBXFileReference; lastKnownFileType = folder.assetcatalog; path = "Preview Assets.xcassets"; sourceTree = "<group>"; };
		D414BBF02ADBE49C0007A180 /* anm.swift */ = {isa = PBXFileReference; lastKnownFileType = sourcecode.swift; path = anm.swift; sourceTree = "<group>"; };
		D414BBF22ADBE51D0007A180 /* math.swift */ = {isa = PBXFileReference; lastKnownFileType = sourcecode.swift; path = math.swift; sourceTree = "<group>"; };
		D414BBF42ADBE5BF0007A180 /* color.swift */ = {isa = PBXFileReference; lastKnownFileType = sourcecode.swift; path = color.swift; sourceTree = "<group>"; };
		D414BBF62ADBE5F90007A180 /* letter.swift */ = {isa = PBXFileReference; lastKnownFileType = sourcecode.swift; path = letter.swift; sourceTree = "<group>"; };
		D414BBF82ADBE6620007A180 /* intro.swift */ = {isa = PBXFileReference; lastKnownFileType = sourcecode.swift; path = intro.swift; sourceTree = "<group>"; };
/* End PBXFileReference section */

/* Begin PBXFrameworksBuildPhase section */
		A97D80DA2ACE933A006887F8 /* Frameworks */ = {
			isa = PBXFrameworksBuildPhase;
			buildActionMask = 2147483647;
			files = (
			);
			runOnlyForDeploymentPostprocessing = 0;
		};
/* End PBXFrameworksBuildPhase section */

/* Begin PBXGroup section */
		A97D80D42ACE933A006887F8 = {
			isa = PBXGroup;
			children = (
				A97D80DF2ACE933A006887F8 /* Ringo */,
				A97D80DE2ACE933A006887F8 /* Products */,
			);
			sourceTree = "<group>";
		};
		A97D80DE2ACE933A006887F8 /* Products */ = {
			isa = PBXGroup;
			children = (
				A97D80DD2ACE933A006887F8 /* Ringo.app */,
			);
			name = Products;
			sourceTree = "<group>";
		};
		A97D80DF2ACE933A006887F8 /* Ringo */ = {
			isa = PBXGroup;
			children = (
				A97D80E02ACE933A006887F8 /* RingoApp.swift */,
				A97D80E22ACE933A006887F8 /* ContentView.swift */,
				D414BBF02ADBE49C0007A180 /* anm.swift */,
				D414BBF22ADBE51D0007A180 /* math.swift */,
				D414BBF42ADBE5BF0007A180 /* color.swift */,
				A97D80E42ACE933B006887F8 /* Assets.xcassets */,
				A97D80E62ACE933B006887F8 /* Ringo.entitlements */,
				A97D80E72ACE933B006887F8 /* Preview Content */,
			);
			path = Ringo;
			sourceTree = "<group>";
		};
		A97D80E72ACE933B006887F8 /* Preview Content */ = {
			isa = PBXGroup;
			children = (
				A97D80E82ACE933B006887F8 /* Preview Assets.xcassets */,
				D414BBF62ADBE5F90007A180 /* letter.swift */,
				D414BBF82ADBE6620007A180 /* intro.swift */,
			);
			path = "Preview Content";
			sourceTree = "<group>";
		};
/* End PBXGroup section */

/* Begin PBXNativeTarget section */
		A97D80DC2ACE933A006887F8 /* Ringo */ = {
			isa = PBXNativeTarget;
			buildConfigurationList = A97D80EC2ACE933B006887F8 /* Build configuration list for PBXNativeTarget "Ringo" */;
			buildPhases = (
				A97D80D92ACE933A006887F8 /* Sources */,
				A97D80DA2ACE933A006887F8 /* Frameworks */,
				A97D80DB2ACE933A006887F8 /* Resources */,
			);
			buildRules = (
			);
			dependencies = (
			);
			name = Ringo;
			productName = Ringo;
			productReference = A97D80DD2ACE933A006887F8 /* Ringo.app */;
			productType = "com.apple.product-type.application";
		};
/* End PBXNativeTarget section */

/* Begin PBXProject section */
		A97D80D52ACE933A006887F8 /* Project object */ = {
			isa = PBXProject;
			attributes = {
				BuildIndependentTargetsInParallel = 1;
				LastSwiftUpdateCheck = 1500;
				LastUpgradeCheck = 1500;
				TargetAttributes = {
					A97D80DC2ACE933A006887F8 = {
						CreatedOnToolsVersion = 15.0;
					};
				};
			};
			buildConfigurationList = A97D80D82ACE933A006887F8 /* Build configuration list for PBXProject "Ringo" */;
			compatibilityVersion = "Xcode 14.0";
			developmentRegion = en;
			hasScannedForEncodings = 0;
			knownRegions = (
				en,
				Base,
			);
			mainGroup = A97D80D42ACE933A006887F8;
			productRefGroup = A97D80DE2ACE933A006887F8 /* Products */;
			projectDirPath = "";
			projectRoot = "";
			targets = (
				A97D80DC2ACE933A006887F8 /* Ringo */,
			);
		};
/* End PBXProject section */

/* Begin PBXResourcesBuildPhase section */
		A97D80DB2ACE933A006887F8 /* Resources */ = {
			isa = PBXResourcesBuildPhase;
			buildActionMask = 2147483647;
			files = (
				A97D80E92ACE933B006887F8 /* Preview Assets.xcassets in Resources */,
				A97D80E52ACE933B006887F8 /* Assets.xcassets in Resources */,
			);
			runOnlyForDeploymentPostprocessing = 0;
		};
/* End PBXResourcesBuildPhase section */

/* Begin PBXSourcesBuildPhase section */
		A97D80D92ACE933A006887F8 /* Sources */ = {
			isa = PBXSourcesBuildPhase;
			buildActionMask = 2147483647;
			files = (
				D414BBF92ADBE6620007A180 /* intro.swift in Sources */,
				A97D80E32ACE933A006887F8 /* ContentView.swift in Sources */,
				D414BBF72ADBE5F90007A180 /* letter.swift in Sources */,
				A97D80E12ACE933A006887F8 /* RingoApp.swift in Sources */,
				D414BBF12ADBE49C0007A180 /* anm.swift in Sources */,
				D414BBF52ADBE5BF0007A180 /* color.swift in Sources */,
				D414BBF32ADBE51D0007A180 /* math.swift in Sources */,
			);
			runOnlyForDeploymentPostprocessing = 0;
		};
/* End PBXSourcesBuildPhase section */

/* Begin XCBuildConfiguration section */
		A97D80EA2ACE933B006887F8 /* Debug */ = {
			isa = XCBuildConfiguration;
			buildSettings = {
				ALWAYS_SEARCH_USER_PATHS = NO;
				ASSETCATALOG_COMPILER_GENERATE_SWIFT_ASSET_SYMBOL_EXTENSIONS = YES;
				CLANG_ANALYZER_NONNULL = YES;
				CLANG_ANALYZER_NUMBER_OBJECT_CONVERSION = YES_AGGRESSIVE;
				CLANG_CXX_LANGUAGE_STANDARD = "gnu++20";
				CLANG_ENABLE_MODULES = YES;
				CLANG_ENABLE_OBJC_ARC = YES;
				CLANG_ENABLE_OBJC_WEAK = YES;
				CLANG_WARN_BLOCK_CAPTURE_AUTORELEASING = YES;
				CLANG_WARN_BOOL_CONVERSION = YES;
				CLANG_WARN_COMMA = YES;
				CLANG_WARN_CONSTANT_CONVERSION = YES;
				CLANG_WARN_DEPRECATED_OBJC_IMPLEMENTATIONS = YES;
				CLANG_WARN_DIRECT_OBJC_ISA_USAGE = YES_ERROR;
				CLANG_WARN_DOCUMENTATION_COMMENTS = YES;
				CLANG_WARN_EMPTY_BODY = YES;
				CLANG_WARN_ENUM_CONVERSION = YES;
				CLANG_WARN_INFINITE_RECURSION = YES;
				CLANG_WARN_INT_CONVERSION = YES;
				CLANG_WARN_NON_LITERAL_NULL_CONVERSION = YES;
				CLANG_WARN_OBJC_IMPLICIT_RETAIN_SELF = YES;
				CLANG_WARN_OBJC_LITERAL_CONVERSION = YES;
				CLANG_WARN_OBJC_ROOT_CLASS = YES_ERROR;
				CLANG_WARN_QUOTED_INCLUDE_IN_FRAMEWORK_HEADER = YES;
				CLANG_WARN_RANGE_LOOP_ANALYSIS = YES;
				CLANG_WARN_STRICT_PROTOTYPES = YES;
				CLANG_WARN_SUSPICIOUS_MOVE = YES;
				CLANG_WARN_UNGUARDED_AVAILABILITY = YES_AGGRESSIVE;
				CLANG_WARN_UNREACHABLE_CODE = YES;
				CLANG_WARN__DUPLICATE_METHOD_MATCH = YES;
				COPY_PHASE_STRIP = NO;
				DEBUG_INFORMATION_FORMAT = dwarf;
				ENABLE_STRICT_OBJC_MSGSEND = YES;
				ENABLE_TESTABILITY = YES;
				ENABLE_USER_SCRIPT_SANDBOXING = YES;
				GCC_C_LANGUAGE_STANDARD = gnu17;
				GCC_DYNAMIC_NO_PIC = NO;
				GCC_NO_COMMON_BLOCKS = YES;
				GCC_OPTIMIZATION_LEVEL = 0;
				GCC_PREPROCESSOR_DEFINITIONS = (
					"DEBUG=1",
					"$(inherited)",
				);
				GCC_WARN_64_TO_32_BIT_CONVERSION = YES;
				GCC_WARN_ABOUT_RETURN_TYPE = YES_ERROR;
				GCC_WARN_UNDECLARED_SELECTOR = YES;
				GCC_WARN_UNINITIALIZED_AUTOS = YES_AGGRESSIVE;
				GCC_WARN_UNUSED_FUNCTION = YES;
				GCC_WARN_UNUSED_VARIABLE = YES;
				LOCALIZATION_PREFERS_STRING_CATALOGS = YES;
				MTL_ENABLE_DEBUG_INFO = INCLUDE_SOURCE;
				MTL_FAST_MATH = YES;
				ONLY_ACTIVE_ARCH = YES;
				SWIFT_ACTIVE_COMPILATION_CONDITIONS = "DEBUG $(inherited)";
				SWIFT_OPTIMIZATION_LEVEL = "-Onone";
			};
			name = Debug;
		};
		A97D80EB2ACE933B006887F8 /* Release */ = {
			isa = XCBuildConfiguration;
			buildSettings = {
				ALWAYS_SEARCH_USER_PATHS = NO;
				ASSETCATALOG_COMPILER_GENERATE_SWIFT_ASSET_SYMBOL_EXTENSIONS = YES;
				CLANG_ANALYZER_NONNULL = YES;
				CLANG_ANALYZER_NUMBER_OBJECT_CONVERSION = YES_AGGRESSIVE;
				CLANG_CXX_LANGUAGE_STANDARD = "gnu++20";
				CLANG_ENABLE_MODULES = YES;
				CLANG_ENABLE_OBJC_ARC = YES;
				CLANG_ENABLE_OBJC_WEAK = YES;
				CLANG_WARN_BLOCK_CAPTURE_AUTORELEASING = YES;
				CLANG_WARN_BOOL_CONVERSION = YES;
				CLANG_WARN_COMMA = YES;
				CLANG_WARN_CONSTANT_CONVERSION = YES;
				CLANG_WARN_DEPRECATED_OBJC_IMPLEMENTATIONS = YES;
				CLANG_WARN_DIRECT_OBJC_ISA_USAGE = YES_ERROR;
				CLANG_WARN_DOCUMENTATION_COMMENTS = YES;
				CLANG_WARN_EMPTY_BODY = YES;
				CLANG_WARN_ENUM_CONVERSION = YES;
				CLANG_WARN_INFINITE_RECURSION = YES;
				CLANG_WARN_INT_CONVERSION = YES;
				CLANG_WARN_NON_LITERAL_NULL_CONVERSION = YES;
				CLANG_WARN_OBJC_IMPLICIT_RETAIN_SELF = YES;
				CLANG_WARN_OBJC_LITERAL_CONVERSION = YES;
				CLANG_WARN_OBJC_ROOT_CLASS = YES_ERROR;
				CLANG_WARN_QUOTED_INCLUDE_IN_FRAMEWORK_HEADER = YES;
				CLANG_WARN_RANGE_LOOP_ANALYSIS = YES;
				CLANG_WARN_STRICT_PROTOTYPES = YES;
				CLANG_WARN_SUSPICIOUS_MOVE = YES;
				CLANG_WARN_UNGUARDED_AVAILABILITY = YES_AGGRESSIVE;
				CLANG_WARN_UNREACHABLE_CODE = YES;
				CLANG_WARN__DUPLICATE_METHOD_MATCH = YES;
				COPY_PHASE_STRIP = NO;
				DEBUG_INFORMATION_FORMAT = "dwarf-with-dsym";
				ENABLE_NS_ASSERTIONS = NO;
				ENABLE_STRICT_OBJC_MSGSEND = YES;
				ENABLE_USER_SCRIPT_SANDBOXING = YES;
				GCC_C_LANGUAGE_STANDARD = gnu17;
				GCC_NO_COMMON_BLOCKS = YES;
				GCC_WARN_64_TO_32_BIT_CONVERSION = YES;
				GCC_WARN_ABOUT_RETURN_TYPE = YES_ERROR;
				GCC_WARN_UNDECLARED_SELECTOR = YES;
				GCC_WARN_UNINITIALIZED_AUTOS = YES_AGGRESSIVE;
				GCC_WARN_UNUSED_FUNCTION = YES;
				GCC_WARN_UNUSED_VARIABLE = YES;
				LOCALIZATION_PREFERS_STRING_CATALOGS = YES;
				MTL_ENABLE_DEBUG_INFO = NO;
				MTL_FAST_MATH = YES;
				SWIFT_COMPILATION_MODE = wholemodule;
			};
			name = Release;
		};
		A97D80ED2ACE933B006887F8 /* Debug */ = {
			isa = XCBuildConfiguration;
			buildSettings = {
				ASSETCATALOG_COMPILER_APPICON_NAME = AppIcon;
				ASSETCATALOG_COMPILER_GLOBAL_ACCENT_COLOR_NAME = AccentColor;
				CODE_SIGN_ENTITLEMENTS = Ringo/Ringo.entitlements;
				CODE_SIGN_STYLE = Automatic;
				CURRENT_PROJECT_VERSION = 1;
				DEVELOPMENT_ASSET_PATHS = "\"Ringo/Preview Content\"";
				ENABLE_PREVIEWS = YES;
				GENERATE_INFOPLIST_FILE = YES;
				"INFOPLIST_KEY_UIApplicationSceneManifest_Generation[sdk=iphoneos*]" = YES;
				"INFOPLIST_KEY_UIApplicationSceneManifest_Generation[sdk=iphonesimulator*]" = YES;
				"INFOPLIST_KEY_UIApplicationSupportsIndirectInputEvents[sdk=iphoneos*]" = YES;
				"INFOPLIST_KEY_UIApplicationSupportsIndirectInputEvents[sdk=iphonesimulator*]" = YES;
				"INFOPLIST_KEY_UILaunchScreen_Generation[sdk=iphoneos*]" = YES;
				"INFOPLIST_KEY_UILaunchScreen_Generation[sdk=iphonesimulator*]" = YES;
				"INFOPLIST_KEY_UIStatusBarStyle[sdk=iphoneos*]" = UIStatusBarStyleDefault;
				"INFOPLIST_KEY_UIStatusBarStyle[sdk=iphonesimulator*]" = UIStatusBarStyleDefault;
				INFOPLIST_KEY_UISupportedInterfaceOrientations_iPad = "UIInterfaceOrientationPortrait UIInterfaceOrientationPortraitUpsideDown UIInterfaceOrientationLandscapeLeft UIInterfaceOrientationLandscapeRight";
				INFOPLIST_KEY_UISupportedInterfaceOrientations_iPhone = "UIInterfaceOrientationPortrait UIInterfaceOrientationLandscapeLeft UIInterfaceOrientationLandscapeRight";
				IPHONEOS_DEPLOYMENT_TARGET = 17.0;
				LD_RUNPATH_SEARCH_PATHS = "@executable_path/Frameworks";
				"LD_RUNPATH_SEARCH_PATHS[sdk=macosx*]" = "@executable_path/../Frameworks";
				MACOSX_DEPLOYMENT_TARGET = 14.0;
				MARKETING_VERSION = 1.0;
				PRODUCT_BUNDLE_IDENTIFIER = f.Ringo;
				PRODUCT_NAME = "$(TARGET_NAME)";
				SDKROOT = auto;
				SUPPORTED_PLATFORMS = "iphoneos iphonesimulator macosx";
				SWIFT_EMIT_LOC_STRINGS = YES;
				SWIFT_VERSION = 5.0;
				TARGETED_DEVICE_FAMILY = "1,2";
			};
			name = Debug;
		};
		A97D80EE2ACE933B006887F8 /* Release */ = {
			isa = XCBuildConfiguration;
			buildSettings = {
				ASSETCATALOG_COMPILER_APPICON_NAME = AppIcon;
				ASSETCATALOG_COMPILER_GLOBAL_ACCENT_COLOR_NAME = AccentColor;
				CODE_SIGN_ENTITLEMENTS = Ringo/Ringo.entitlements;
				CODE_SIGN_STYLE = Automatic;
				CURRENT_PROJECT_VERSION = 1;
				DEVELOPMENT_ASSET_PATHS = "\"Ringo/Preview Content\"";
				ENABLE_PREVIEWS = YES;
				GENERATE_INFOPLIST_FILE = YES;
				"INFOPLIST_KEY_UIApplicationSceneManifest_Generation[sdk=iphoneos*]" = YES;
				"INFOPLIST_KEY_UIApplicationSceneManifest_Generation[sdk=iphonesimulator*]" = YES;
				"INFOPLIST_KEY_UIApplicationSupportsIndirectInputEvents[sdk=iphoneos*]" = YES;
				"INFOPLIST_KEY_UIApplicationSupportsIndirectInputEvents[sdk=iphonesimulator*]" = YES;
				"INFOPLIST_KEY_UILaunchScreen_Generation[sdk=iphoneos*]" = YES;
				"INFOPLIST_KEY_UILaunchScreen_Generation[sdk=iphonesimulator*]" = YES;
				"INFOPLIST_KEY_UIStatusBarStyle[sdk=iphoneos*]" = UIStatusBarStyleDefault;
				"INFOPLIST_KEY_UIStatusBarStyle[sdk=iphonesimulator*]" = UIStatusBarStyleDefault;
				INFOPLIST_KEY_UISupportedInterfaceOrientations_iPad = "UIInterfaceOrientationPortrait UIInterfaceOrientationPortraitUpsideDown UIInterfaceOrientationLandscapeLeft UIInterfaceOrientationLandscapeRight";
				INFOPLIST_KEY_UISupportedInterfaceOrientations_iPhone = "UIInterfaceOrientationPortrait UIInterfaceOrientationLandscapeLeft UIInterfaceOrientationLandscapeRight";
				IPHONEOS_DEPLOYMENT_TARGET = 17.0;
				LD_RUNPATH_SEARCH_PATHS = "@executable_path/Frameworks";
				"LD_RUNPATH_SEARCH_PATHS[sdk=macosx*]" = "@executable_path/../Frameworks";
				MACOSX_DEPLOYMENT_TARGET = 14.0;
				MARKETING_VERSION = 1.0;
				PRODUCT_BUNDLE_IDENTIFIER = f.Ringo;
				PRODUCT_NAME = "$(TARGET_NAME)";
				SDKROOT = auto;
				SUPPORTED_PLATFORMS = "iphoneos iphonesimulator macosx";
				SWIFT_EMIT_LOC_STRINGS = YES;
				SWIFT_VERSION = 5.0;
				TARGETED_DEVICE_FAMILY = "1,2";
			};
			name = Release;
		};
/* End XCBuildConfiguration section */

/* Begin XCConfigurationList section */
		A97D80D82ACE933A006887F8 /* Build configuration list for PBXProject "Ringo" */ = {
			isa = XCConfigurationList;
			buildConfigurations = (
				A97D80EA2ACE933B006887F8 /* Debug */,
				A97D80EB2ACE933B006887F8 /* Release */,
			);
			defaultConfigurationIsVisible = 0;
			defaultConfigurationName = Release;
		};
		A97D80EC2ACE933B006887F8 /* Build configuration list for PBXNativeTarget "Ringo" */ = {
			isa = XCConfigurationList;
			buildConfigurations = (
				A97D80ED2ACE933B006887F8 /* Debug */,
				A97D80EE2ACE933B006887F8 /* Release */,
			);
			defaultConfigurationIsVisible = 0;
			defaultConfigurationName = Release;
		};
/* End XCConfigurationList section */
	};
	rootObject = A97D80D52ACE933A006887F8 /* Project object */;
}
